eyJuYW1lIjoiY29udGV4dC1saW5rZXIiLCJ2ZXJzaW9uIjoiMS4wLjAiLCJsb2NrZmlsZVZlcnNpb24iOjMsInJlcXVpcmVzIjp0cnVlLCJwYWNrYWdlcyI6eyIiOnsibmFtZSI6ImNvbnRleHQtbGlua2VyIiwidmVyc2lvbiI6IjEuMC4wIiwiZGVwZW5kZW5jaWVzIjp7Imdsb2IiOiJeMTAuMy4xMCIsImdyYXktbWF0dGVyIjoiXjQuMC4zIn0sImRldkRlcGVuZGVuY2llcyI6eyJAdHlwZXMvbm9kZSI6Il4yMC4xMC4wIiwidHN4IjoiXjQuNy4wIiwidHlwZXNjcmlwdCI6Il41LjMuMCJ9fSwibm9kZV9tb2R1bGVzL0Blc2J1aWxkL2FpeC1wcGM2NCI6eyJ2ZXJzaW9uIjoiMC4yNy4yIiwicmVzb2x2ZWQiOiJodHRwczovL3JlZ2lzdHJ5Lm5wbWpzLm9yZy9AZXNidWlsZC9haXgtcHBjNjQvLS9haXgtcHBjNjQtMC4yNy4yLnRneiIsImludGVncml0eSI6InNoYTUxMi1HWk1CK2EwbU9NWnM0TXBEYmo4UkpwNGN3K3cxV1Y1TllENnh6Z3Z6VUo1RWsyamVyd2ZPMmVBRHlJNkV4RFNVRUQrMVg4YU1iZWdhaHNKaSs4bWdwdz09IiwiY3B1IjpbInBwYzY0Il0sImRldiI6dHJ1ZSwibGljZW5zZSI6Ik1JVCIsIm9wdGlvbmFsIjp0cnVlLCJvcyI6WyJhaXgiXSwiZW5naW5lcyI6eyJub2RlIjoiPj0xOCJ9fSwibm9kZV9tb2R1bGVzL0Blc2J1aWxkL2FuZHJvaWQtYXJtIjp7InZlcnNpb24iOiIwLjI3LjIiLCJyZXNvbHZlZCI6Imh0dHBzOi8vcmVnaXN0cnkubnBtanMub3JnL0Blc2J1aWxkL2FuZHJvaWQtYXJtLy0vYW5kcm9pZC1hcm0tMC4yNy4yLnRneiIsImludGVncml0eSI6InNoYTUxMi1EVk5JOGpsUGE3VWpicjF5alUyUGZVU1J0QVVaUEc5STFSd1c0RjR4RkIxSW1pdTJvbjBBRGlJL2MzdGQrS21EdFZLTmJpK25mZkdEUU1mY0lNa3dJQT09IiwiY3B1IjpbImFybSJdLCJkZXYiOnRydWUsImxpY2Vuc2UiOiJNSVQiLCJvcHRpb25hbCI6dHJ1ZSwib3MiOlsiYW5kcm9pZCJdLCJlbmdpbmVzIjp7Im5vZGUiOiI+PTE4In19LCJub2RlX21vZHVsZXMvQGVzYnVpbGQvYW5kcm9pZC1hcm02NCI6eyJ2ZXJzaW9uIjoiMC4yNy4yIiwicmVzb2x2ZWQiOiJodHRwczovL3JlZ2lzdHJ5Lm5wbWpzLm9yZy9AZXNidWlsZC9hbmRyb2lkLWFybTY0Ly0vYW5kcm9pZC1hcm02NC0wLjI3LjIudGd6IiwiaW50ZWdyaXR5Ijoic2hhNTEyLXB2ejhaWjdvdC9SQnBoZjhmdjYwbGptYW95ZFBVMTJWdVhISW10QXMwWGhMTHcrRVhCaTJCTGUzT1lTQnNsUjRycnlIdndlVzVnbWtLRndUaUZ5NktBPT0iLCJjcHUiOlsiYXJtNjQiXSwiZGV2Ijp0cnVlLCJsaWNlbnNlIjoiTUlUIiwib3B0aW9uYWwiOnRydWUsIm9zIjpbImFuZHJvaWQiXSwiZW5naW5lcyI6eyJub2RlIjoiPj0xOCJ9fSwibm9kZV9tb2R1bGVzL0Blc2J1aWxkL2FuZHJvaWQteDY0Ijp7InZlcnNpb24iOiIwLjI3LjIiLCJyZXNvbHZlZCI6Imh0dHBzOi8vcmVnaXN0cnkubnBtanMub3JnL0Blc2J1aWxkL2FuZHJvaWQteDY0Ly0vYW5kcm9pZC14NjQtMC4yNy4yLnRneiIsImludGVncml0eSI6InNoYTUxMi16OEFuazRCeWg0VEpKT2g0d3B6OGcydkR5NzV6RkwwVGxabGtVa0V3WVh1UFNnWDh5emVwNTk2bjZtVDc5MDVrQTl1SFpzZi9vMk9KWnVibDJsM003QT09IiwiY3B1IjpbIng2NCJdLCJkZXYiOnRydWUsImxpY2Vuc2UiOiJNSVQiLCJvcHRpb25hbCI6dHJ1ZSwib3MiOlsiYW5kcm9pZCJdLCJlbmdpbmVzIjp7Im5vZGUiOiI+PTE4In19LCJub2RlX21vZHVsZXMvQGVzYnVpbGQvZGFyd2luLWFybTY0Ijp7InZlcnNpb24iOiIwLjI3LjIiLCJyZXNvbHZlZCI6Imh0dHBzOi8vcmVnaXN0cnkubnBtanMub3JnL0Blc2J1aWxkL2Rhcndpbi1hcm02NC8tL2Rhcndpbi1hcm02NC0wLjI3LjIudGd6IiwiaW50ZWdyaXR5Ijoic2hhNTEyLWRhdkNEMlpjODBuekRWUndYVGNRUC8yOGZpSmJjT3d2ZG9sTDBzT2lPc2J3QmE3MmtlZ21WVTBXcmgxTVlyYnVDTDk4T21wNWRWaFFGV1JLUjJaQWxnPT0iLCJjcHUiOlsiYXJtNjQiXSwiZGV2Ijp0cnVlLCJsaWNlbnNlIjoiTUlUIiwib3B0aW9uYWwiOnRydWUsIm9zIjpbImRhcndpbiJdLCJlbmdpbmVzIjp7Im5vZGUiOiI+PTE4In19LCJub2RlX21vZHVsZXMvQGVzYnVpbGQvZGFyd2luLXg2NCI6eyJ2ZXJzaW9uIjoiMC4yNy4yIiwicmVzb2x2ZWQiOiJodHRwczovL3JlZ2lzdHJ5Lm5wbWpzLm9yZy9AZXNidWlsZC9kYXJ3aW4teDY0Ly0vZGFyd2luLXg2NC0wLjI3LjIudGd6IiwiaW50ZWdyaXR5Ijoic2hhNTEyLVp4dGlqT21sUUNCV0d3YlZtd09GL1VDenVHSWJVa3FCMWZhUVJmNWFrUW14UkoxdWp1c1dzYjNDVmZrLzlpWktyMkw1U01VNXdQQmkxVVdidkwrVlFBPT0iLCJjcHUiOlsieDY0Il0sImRldiI6dHJ1ZSwibGljZW5zZSI6Ik1JVCIsIm9wdGlvbmFsIjp0cnVlLCJvcyI6WyJkYXJ3aW4iXSwiZW5naW5lcyI6eyJub2RlIjoiPj0xOCJ9fSwibm9kZV9tb2R1bGVzL0Blc2J1aWxkL2ZyZWVic2QtYXJtNjQiOnsidmVyc2lvbiI6IjAuMjcuMiIsInJlc29sdmVkIjoiaHR0cHM6Ly9yZWdpc3RyeS5ucG1qcy5vcmcvQGVzYnVpbGQvZnJlZWJzZC1hcm02NC8tL2ZyZWVic2QtYXJtNjQtMC4yNy4yLnRneiIsImludGVncml0eSI6InNoYTUxMi1sUy85Q04rcmdxUTljem9neGxNY0JNR2QrbDhRM05qMU1GUXdCWkp5b0VLSTUwWEd4d3V6em5ZZHdjYXY2bHBPR3Y1QnFhWlhxdkJTaUIva0o1b3ArZz09IiwiY3B1IjpbImFybTY0Il0sImRldiI6dHJ1ZSwibGljZW5zZSI6Ik1JVCIsIm9wdGlvbmFsIjp0cnVlLCJvcyI6WyJmcmVlYnNkIl0sImVuZ2luZXMiOnsibm9kZSI6Ij49MTgifX0sIm5vZGVfbW9kdWxlcy9AZXNidWlsZC9mcmVlYnNkLXg2NCI6eyJ2ZXJzaW9uIjoiMC4yNy4yIiwicmVzb2x2ZWQiOiJodHRwczovL3JlZ2lzdHJ5Lm5wbWpzLm9yZy9AZXNidWlsZC9mcmVlYnNkLXg2NC8tL2ZyZWVic2QteDY0LTAuMjcuMi50Z3oiLCJpbnRlZ3JpdHkiOiJzaGE1MTItdEFmcXROWWI0WWdQbkpsRUZ1NGMyMTJIWWpRV1NPL3cvaC9sUWFCSzdSYndHSWtCT3VOS1FJOXRxV3p4N1d0cDdiVFBhR0M2TUp2V0k2MDhQM3dYWUE9PSIsImNwdSI6WyJ4NjQiXSwiZGV2Ijp0cnVlLCJsaWNlbnNlIjoiTUlUIiwib3B0aW9uYWwiOnRydWUsIm9zIjpbImZyZWVic2QiXSwiZW5naW5lcyI6eyJub2RlIjoiPj0xOCJ9fSwibm9kZV9tb2R1bGVzL0Blc2J1aWxkL2xpbnV4LWFybSI6eyJ2ZXJzaW9uIjoiMC4yNy4yIiwicmVzb2x2ZWQiOiJodHRwczovL3JlZ2lzdHJ5Lm5wbWpzLm9yZy9AZXNidWlsZC9saW51eC1hcm0vLS9saW51eC1hcm0tMC4yNy4yLnRneiIsImludGVncml0eSI6InNoYTUxMi12V2ZxNEdhSU1QOUFJZTR5ajFaVVcxOFJEaHg2RVBRS2p3ZTduOEJiSWVjRnRDUUc0Q2ZIR2FIdWg3ZmRmcSt5M0xJQTJ2R1MvbzlaQkdWeElEaTlodz09IiwiY3B1IjpbImFybSJdLCJkZXYiOnRydWUsImxpY2Vuc2UiOiJNSVQiLCJvcHRpb25hbCI6dHJ1ZSwib3MiOlsibGludXgiXSwiZW5naW5lcyI6eyJub2RlIjoiPj0xOCJ9fSwibm9kZV9tb2R1bGVzL0Blc2J1aWxkL2xpbnV4LWFybTY0Ijp7InZlcnNpb24iOiIwLjI3LjIiLCJyZXNvbHZlZCI6Imh0dHBzOi8vcmVnaXN0cnkubnBtanMub3JnL0Blc2J1aWxkL2xpbnV4LWFybTY0Ly0vbGludXgtYXJtNjQtMC4yNy4yLnRneiIsImludGVncml0eSI6InNoYTUxMi1oWXhOOHByNjZOc0NDaVJGa0hVQXN4eWxOT2NBUWF4U1NrSE1NamNweDBzaTEzdDFMSEZwaHhKWlVpR3dvakIxYS9IZDVPaVBJcURkWE9OaWE2YmhUdz09IiwiY3B1IjpbImFybTY0Il0sImRldiI6dHJ1ZSwibGljZW5zZSI6Ik1JVCIsIm9wdGlvbmFsIjp0cnVlLCJvcyI6WyJsaW51eCJdLCJlbmdpbmVzIjp7Im5vZGUiOiI+PTE4In19LCJub2RlX21vZHVsZXMvQGVzYnVpbGQvbGludXgtaWEzMiI6eyJ2ZXJzaW9uIjoiMC4yNy4yIiwicmVzb2x2ZWQiOiJodHRwczovL3JlZ2lzdHJ5Lm5wbWpzLm9yZy9AZXNidWlsZC9saW51eC1pYTMyLy0vbGludXgtaWEzMi0wLjI3LjIudGd6IiwiaW50ZWdyaXR5Ijoic2hhNTEyLU1KdDVCUlJTU2NQRHdHMmhMZWxZaEFBS2g5aW1qSEs1K05FL3R2blJMYklxVVdhKzBFOU40V05Nam1wL2tYWFBIWkdxUEx4Z2d3Vmh6N1FQOENUUjh3PT0iLCJjcHUiOlsiaWEzMiJdLCJkZXYiOnRydWUsImxpY2Vuc2UiOiJNSVQiLCJvcHRpb25hbCI6dHJ1ZSwib3MiOlsibGludXgiXSwiZW5naW5lcyI6eyJub2RlIjoiPj0xOCJ9fSwibm9kZV9tb2R1bGVzL0Blc2J1aWxkL2xpbnV4LWxvb25nNjQiOnsidmVyc2lvbiI6IjAuMjcuMiIsInJlc29sdmVkIjoiaHR0cHM6Ly9yZWdpc3RyeS5ucG1qcy5vcmcvQGVzYnVpbGQvbGludXgtbG9vbmc2NC8tL2xpbnV4LWxvb25nNjQtMC4yNy4yLnRneiIsImludGVncml0eSI6InNoYTUxMi1sdWd5RjFhdG5BVDQ2M2FPNktQc2hWQ0pLNU5nUm5VNHliM0ZVdW15VnorY0d2WmJvbnRCZ3plR0ZPMW5GK2RQdWVIRDM2N2EyWlhlMU50VWtBak90Zz09IiwiY3B1IjpbImxvb25nNjQiXSwiZGV2Ijp0cnVlLCJsaWNlbnNlIjoiTUlUIiwib3B0aW9uYWwiOnRydWUsIm9zIjpbImxpbnV4Il0sImVuZ2luZXMiOnsibm9kZSI6Ij49MTgifX0sIm5vZGVfbW9kdWxlcy9AZXNidWlsZC9saW51eC1taXBzNjRlbCI6eyJ2ZXJzaW9uIjoiMC4yNy4yIiwicmVzb2x2ZWQiOiJodHRwczovL3JlZ2lzdHJ5Lm5wbWpzLm9yZy9AZXNidWlsZC9saW51eC1taXBzNjRlbC8tL2xpbnV4LW1pcHM2NGVsLTAuMjcuMi50Z3oiLCJpbnRlZ3JpdHkiOiJzaGE1MTItbmxQMkk2QXJFQmV3dkoyZ2pycmtFU0Vaa0I1bUlvYVRzd3VxTkZSdi9XWWQrQVR0VXBlOVkwOVJuSnZndmRhZzdoZTBPV2dFWldodmlTMU9UT0tpeHc9PSIsImNwdSI6WyJtaXBzNjRlbCJdLCJkZXYiOnRydWUsImxpY2Vuc2UiOiJNSVQiLCJvcHRpb25hbCI6dHJ1ZSwib3MiOlsibGludXgiXSwiZW5naW5lcyI6eyJub2RlIjoiPj0xOCJ9fSwibm9kZV9tb2R1bGVzL0Blc2J1aWxkL2xpbnV4LXBwYzY0Ijp7InZlcnNpb24iOiIwLjI3LjIiLCJyZXNvbHZlZCI6Imh0dHBzOi8vcmVnaXN0cnkubnBtanMub3JnL0Blc2J1aWxkL2xpbnV4LXBwYzY0Ly0vbGludXgtcHBjNjQtMC4yNy4yLnRneiIsImludGVncml0eSI6InNoYTUxMi1DOTJnbnBleTd0VVFPTnFnMW42ZEtWYngzdnBoS3RUSEphTkcyT2s5bEd3YlppbDZEcmZ5ZWNNc3A5Q3JtWEdRSm1aN2lpVlh2dlpINk1sNWhMNlhkUT09IiwiY3B1IjpbInBwYzY0Il0sImRldiI6dHJ1ZSwibGljZW5zZSI6Ik1JVCIsIm9wdGlvbmFsIjp0cnVlLCJvcyI6WyJsaW51eCJdLCJlbmdpbmVzIjp7Im5vZGUiOiI+PTE4In19LCJub2RlX21vZHVsZXMvQGVzYnVpbGQvbGludXgtcmlzY3Y2NCI6eyJ2ZXJzaW9uIjoiMC4yNy4yIiwicmVzb2x2ZWQiOiJodHRwczovL3JlZ2lzdHJ5Lm5wbWpzLm9yZy9AZXNidWlsZC9saW51eC1yaXNjdjY0Ly0vbGludXgtcmlzY3Y2NC0wLjI3LjIudGd6IiwiaW50ZWdyaXR5Ijoic2hhNTEyLUI1Qk9tb2pOdFV5TjhBWGxLMFFKeXZqRVprV3d5L0ZLdmFra1REQ3ppWDk1QW93TFpLUjZhQ0RoRzdMZUY3dU1DWEVKcXdhOEJlano1TFRQWW04QXZBPT0iLCJjcHUiOlsicmlzY3Y2NCJdLCJkZXYiOnRydWUsImxpY2Vuc2UiOiJNSVQiLCJvcHRpb25hbCI6dHJ1ZSwib3MiOlsibGludXgiXSwiZW5naW5lcyI6eyJub2RlIjoiPj0xOCJ9fSwibm9kZV9tb2R1bGVzL0Blc2J1aWxkL2xpbnV4LXMzOTB4Ijp7InZlcnNpb24iOiIwLjI3LjIiLCJyZXNvbHZlZCI6Imh0dHBzOi8vcmVnaXN0cnkubnBtanMub3JnL0Blc2J1aWxkL2xpbnV4LXMzOTB4Ly0vbGludXgtczM5MHgtMC4yNy4yLnRneiIsImludGVncml0eSI6InNoYTUxMi1wNGJtOSt3c1B3dXA1WjhmNEVwZk42M3FOYWdRNDdVYTJ6bmFxR0g2YnFMbG1KNGJ4OTdZOUpkcXhnR1o2WTh4VlRpeFVuRWtvS1NIY3BSbERuTnI1dz09IiwiY3B1IjpbInMzOTB4Il0sImRldiI6dHJ1ZSwibGljZW5zZSI6Ik1JVCIsIm9wdGlvbmFsIjp0cnVlLCJvcyI6WyJsaW51eCJdLCJlbmdpbmVzIjp7Im5vZGUiOiI+PTE4In19LCJub2RlX21vZHVsZXMvQGVzYnVpbGQvbGludXgteDY0Ijp7InZlcnNpb24iOiIwLjI3LjIiLCJyZXNvbHZlZCI6Imh0dHBzOi8vcmVnaXN0cnkubnBtanMub3JnL0Blc2J1aWxkL2xpbnV4LXg2NC8tL2xpbnV4LXg2NC0wLjI3LjIudGd6IiwiaW50ZWdyaXR5Ijoic2hhNTEyLXV3cDJUaXA1YVBtSCtOUlV3VGNmTGIrVzMyV1hqcEZlalRJT1daRncvdjcvS25wQ0RLRzY2dTRETGN1clFwaVlUaVl3UTlCN0tPZU1KdkxDdS9PdmJBPT0iLCJjcHUiOlsieDY0Il0sImRldiI6dHJ1ZSwibGljZW5zZSI6Ik1JVCIsIm9wdGlvbmFsIjp0cnVlLCJvcyI6WyJsaW51eCJdLCJlbmdpbmVzIjp7Im5vZGUiOiI+PTE4In19LCJub2RlX21vZHVsZXMvQGVzYnVpbGQvbmV0YnNkLWFybTY0Ijp7InZlcnNpb24iOiIwLjI3LjIiLCJyZXNvbHZlZCI6Imh0dHBzOi8vcmVnaXN0cnkubnBtanMub3JnL0Blc2J1aWxkL25ldGJzZC1hcm02NC8tL25ldGJzZC1hcm02NC0wLjI3LjIudGd6IiwiaW50ZWdyaXR5Ijoic2hhNTEyLUtqNkRpQmx3WHJQc0NSRGVSdkdBVWIvTE5yQkFTcmZxQUlvayt4QjBMeEs4Q0hxeFowMzd2aUYxM3VnZnNJcGVQSDkzbVg3eGZKcDk3Y3lEdVRaM2N3PT0iLCJjcHUiOlsiYXJtNjQiXSwiZGV2Ijp0cnVlLCJsaWNlbnNlIjoiTUlUIiwib3B0aW9uYWwiOnRydWUsIm9zIjpbIm5ldGJzZCJdLCJlbmdpbmVzIjp7Im5vZGUiOiI+PTE4In19LCJub2RlX21vZHVsZXMvQGVzYnVpbGQvbmV0YnNkLXg2NCI6eyJ2ZXJzaW9uIjoiMC4yNy4yIiwicmVzb2x2ZWQiOiJodHRwczovL3JlZ2lzdHJ5Lm5wbWpzLm9yZy9AZXNidWlsZC9uZXRic2QteDY0Ly0vbmV0YnNkLXg2NC0wLjI3LjIudGd6IiwiaW50ZWdyaXR5Ijoic2hhNTEyLUh3R0RaMFZMVkJZM1krTncwSmV4Wnk5by9uVUFXcTlNbFY3Y2FocGFYS1c2VE96ZlZubzN5My9NOEdhOHU4WXI3R2xkTE9vdjI3eGlDbnFSWmYwdENBPT0iLCJjcHUiOlsieDY0Il0sImRldiI6dHJ1ZSwibGljZW5zZSI6Ik1JVCIsIm9wdGlvbmFsIjp0cnVlLCJvcyI6WyJuZXRic2QiXSwiZW5naW5lcyI6eyJub2RlIjoiPj0xOCJ9fSwibm9kZV9tb2R1bGVzL0Blc2J1aWxkL29wZW5ic2QtYXJtNjQiOnsidmVyc2lvbiI6IjAuMjcuMiIsInJlc29sdmVkIjoiaHR0cHM6Ly9yZWdpc3RyeS5ucG1qcy5vcmcvQGVzYnVpbGQvb3BlbmJzZC1hcm02NC8tL29wZW5ic2QtYXJtNjQtMC4yNy4yLnRneiIsImludGVncml0eSI6InNoYTUxMi1ETklISDJCUFE1NTUxQTdvU0hEMENLYndJQS9PeDcrNzgvQVdrYlM1UW9SemFxbGV2MnVGYXlmU3hxNjhFa29uQitJS2ppdXhCRm9WOEVTSnk4Yk9IQT09IiwiY3B1IjpbImFybTY0Il0sImRldiI6dHJ1ZSwibGljZW5zZSI6Ik1JVCIsIm9wdGlvbmFsIjp0cnVlLCJvcyI6WyJvcGVuYnNkIl0sImVuZ2luZXMiOnsibm9kZSI6Ij49MTgifX0sIm5vZGVfbW9kdWxlcy9AZXNidWlsZC9vcGVuYnNkLXg2NCI6eyJ2ZXJzaW9uIjoiMC4yNy4yIiwicmVzb2x2ZWQiOiJodHRwczovL3JlZ2lzdHJ5Lm5wbWpzLm9yZy9AZXNidWlsZC9vcGVuYnNkLXg2NC8tL29wZW5ic2QteDY0LTAuMjcuMi50Z3oiLCJpbnRlZ3JpdHkiOiJzaGE1MTItL2l0N3c5TmI3KzBLRkl6amFsTkpWUjViT3pBOVZheSt5SVBMVkhmSVFZRy9qK2o5VlRIODRhTkI4RXhHS1BVNEF6ZmFFdk45L1Y0SFYrRit2bzhPRWc9PSIsImNwdSI6WyJ4NjQiXSwiZGV2Ijp0cnVlLCJsaWNlbnNlIjoiTUlUIiwib3B0aW9uYWwiOnRydWUsIm9zIjpbIm9wZW5ic2QiXSwiZW5naW5lcyI6eyJub2RlIjoiPj0xOCJ9fSwibm9kZV9tb2R1bGVzL0Blc2J1aWxkL29wZW5oYXJtb255LWFybTY0Ijp7InZlcnNpb24iOiIwLjI3LjIiLCJyZXNvbHZlZCI6Imh0dHBzOi8vcmVnaXN0cnkubnBtanMub3JnL0Blc2J1aWxkL29wZW5oYXJtb255LWFybTY0Ly0vb3Blbmhhcm1vbnktYXJtNjQtMC4yNy4yLnRneiIsImludGVncml0eSI6InNoYTUxMi1MUkJiQ21pVTUxSVhmZVhrNTljc3VYL2FTYVRvZUc3dzQ4bk13QTYwNDlZNEo0K1ZiV0FMQXVYY3MrcWNEMDRySER1U0NTUktkbVk2M3NydURTNXFhZz09IiwiY3B1IjpbImFybTY0Il0sImRldiI6dHJ1ZSwibGljZW5zZSI6Ik1JVCIsIm9wdGlvbmFsIjp0cnVlLCJvcyI6WyJvcGVuaGFybW9ueSJdLCJlbmdpbmVzIjp7Im5vZGUiOiI+PTE4In19LCJub2RlX21vZHVsZXMvQGVzYnVpbGQvc3Vub3MteDY0Ijp7InZlcnNpb24iOiIwLjI3LjIiLCJyZXNvbHZlZCI6Imh0dHBzOi8vcmVnaXN0cnkubnBtanMub3JnL0Blc2J1aWxkL3N1bm9zLXg2NC8tL3N1bm9zLXg2NC0wLjI3LjIudGd6IiwiaW50ZWdyaXR5Ijoic2hhNTEyLWtNdHgxeXFKSFRtcWFxSFBBektDQWtEYUtzZmZtWGtQSFRoU2ZSd1pHeXVxeUllQnZmMDhLU3NZWGwrYWJmNUhEQVBNSklQbmJCZlh2UDJaQzJUZkhnPT0iLCJjcHUiOlsieDY0Il0sImRldiI6dHJ1ZSwibGljZW5zZSI6Ik1JVCIsIm9wdGlvbmFsIjp0cnVlLCJvcyI6WyJzdW5vcyJdLCJlbmdpbmVzIjp7Im5vZGUiOiI+PTE4In19LCJub2RlX21vZHVsZXMvQGVzYnVpbGQvd2luMzItYXJtNjQiOnsidmVyc2lvbiI6IjAuMjcuMiIsInJlc29sdmVkIjoiaHR0cHM6Ly9yZWdpc3RyeS5ucG1qcy5vcmcvQGVzYnVpbGQvd2luMzItYXJtNjQvLS93aW4zMi1hcm02NC0wLjI3LjIudGd6IiwiaW50ZWdyaXR5Ijoic2hhNTEyLVlhZjc4Ty9CM0traCtuS0FCVUYrK2J2SnY1SWpveTlBTjF3dzkwNHJPWFpGTFdWYzVPTE9mTDU2VytDOEY5eG41SlFaYTNVWDZtK0lrdEpuSWIxSmpnPT0iLCJjcHUiOlsiYXJtNjQiXSwiZGV2Ijp0cnVlLCJsaWNlbnNlIjoiTUlUIiwib3B0aW9uYWwiOnRydWUsIm9zIjpbIndpbjMyIl0sImVuZ2luZXMiOnsibm9kZSI6Ij49MTgifX0sIm5vZGVfbW9kdWxlcy9AZXNidWlsZC93aW4zMi1pYTMyIjp7InZlcnNpb24iOiIwLjI3LjIiLCJyZXNvbHZlZCI6Imh0dHBzOi8vcmVnaXN0cnkubnBtanMub3JnL0Blc2J1aWxkL3dpbjMyLWlhMzIvLS93aW4zMi1pYTMyLTAuMjcuMi50Z3oiLCJpbnRlZ3JpdHkiOiJzaGE1MTItSXV3czBreG80eXVzazdzdzcwWGEyRTJpbVpVNUhvaXh6eGZHQ2R4d0JkaGlEZ3Q5dlg5VlVDQmhxY3dZNy91aC8vNzhBMWhNa2tST01KcTlsMjdvTFE9PSIsImNwdSI6WyJpYTMyIl0sImRldiI6dHJ1ZSwibGljZW5zZSI6Ik1JVCIsIm9wdGlvbmFsIjp0cnVlLCJvcyI6WyJ3aW4zMiJdLCJlbmdpbmVzIjp7Im5vZGUiOiI+PTE4In19LCJub2RlX21vZHVsZXMvQGVzYnVpbGQvd2luMzIteDY0Ijp7InZlcnNpb24iOiIwLjI3LjIiLCJyZXNvbHZlZCI6Imh0dHBzOi8vcmVnaXN0cnkubnBtanMub3JnL0Blc2J1aWxkL3dpbjMyLXg2NC8tL3dpbjMyLXg2NC0wLjI3LjIudGd6IiwiaW50ZWdyaXR5Ijoic2hhNTEyLXNSZFUxOG1jS2Y3RitZZ2hlSS96R2Y1YWxaYXRNVVRLai9qTlM2bDc0NGY5dTNXRnU0djd0d2NVSTl2dTRta25GNFk5YURsYmxJaWUwSU0rNXh4YXFRPT0iLCJjcHUiOlsieDY0Il0sImRldiI6dHJ1ZSwibGljZW5zZSI6Ik1JVCIsIm9wdGlvbmFsIjp0cnVlLCJvcyI6WyJ3aW4zMiJdLCJlbmdpbmVzIjp7Im5vZGUiOiI+PTE4In19LCJub2RlX21vZHVsZXMvQGlzYWFjcy9jbGl1aSI6eyJ2ZXJzaW9uIjoiOC4wLjIiLCJyZXNvbHZlZCI6Imh0dHBzOi8vcmVnaXN0cnkubnBtanMub3JnL0Bpc2FhY3MvY2xpdWkvLS9jbGl1aS04LjAuMi50Z3oiLCJpbnRlZ3JpdHkiOiJzaGE1MTItTzhqY2phYlhhbGVPRzlEUTArQVJYV1pCVGZuUDRXTkFxenVpSks3bGw0NEFteEdLdi9KMk00VFBqeGpZM3puQkNmdkJYRnp1Y20xdHdkeUZ5YkZxRUE9PSIsImxpY2Vuc2UiOiJJU0MiLCJkZXBlbmRlbmNpZXMiOnsic3RyaW5nLXdpZHRoIjoiXjUuMS4yIiwic3RyaW5nLXdpZHRoLWNqcyI6Im5wbTpzdHJpbmctd2lkdGhAXjQuMi4wIiwic3RyaXAtYW5zaSI6Il43LjAuMSIsInN0cmlwLWFuc2ktY2pzIjoibnBtOnN0cmlwLWFuc2lAXjYuMC4xIiwid3JhcC1hbnNpIjoiXjguMS4wIiwid3JhcC1hbnNpLWNqcyI6Im5wbTp3cmFwLWFuc2lAXjcuMC4wIn0sImVuZ2luZXMiOnsibm9kZSI6Ij49MTIifX0sIm5vZGVfbW9kdWxlcy9AcGtnanMvcGFyc2VhcmdzIjp7InZlcnNpb24iOiIwLjExLjAiLCJyZXNvbHZlZCI6Imh0dHBzOi8vcmVnaXN0cnkubnBtanMub3JnL0Bwa2dqcy9wYXJzZWFyZ3MvLS9wYXJzZWFyZ3MtMC4xMS4wLnRneiIsImludGVncml0eSI6InNoYTUxMi0rMVZramREMFFCTFBvZEdySlVlcWFySDhWQUl2UU9ESWJ3aDlYcFA1U3lpc2Y3WW9RZ3NKS1BORm9xcUxRbHUrVlEvdFZTc2hNUjZsb1BNbjhVK2RQZz09IiwibGljZW5zZSI6Ik1JVCIsIm9wdGlvbmFsIjp0cnVlLCJlbmdpbmVzIjp7Im5vZGUiOiI+PTE0In19LCJub2RlX21vZHVsZXMvQHR5cGVzL25vZGUiOnsidmVyc2lvbiI6IjIwLjE5LjI4IiwicmVzb2x2ZWQiOiJodHRwczovL3JlZ2lzdHJ5Lm5wbWpzLm9yZy9AdHlwZXMvbm9kZS8tL25vZGUtMjAuMTkuMjgudGd6IiwiaW50ZWdyaXR5Ijoic2hhNTEyLVZ5S0JyMjVCdUZEekJGQ0s1c1VNNlpYaVdmcWdDVHdUQU9LOHF6R1YvbTlGQ2lyWFlEbG1jekorZDVkWEJBUUFMR0NkUlJkYnRlS1lmSjg0TkdFdXN3PT0iLCJkZXYiOnRydWUsImxpY2Vuc2UiOiJNSVQiLCJkZXBlbmRlbmNpZXMiOnsidW5kaWNpLXR5cGVzIjoifjYuMjEuMCJ9fSwibm9kZV9tb2R1bGVzL2Fuc2ktcmVnZXgiOnsidmVyc2lvbiI6IjYuMi4yIiwicmVzb2x2ZWQiOiJodHRwczovL3JlZ2lzdHJ5Lm5wbWpzLm9yZy9hbnNpLXJlZ2V4Ly0vYW5zaS1yZWdleC02LjIuMi50Z3oiLCJpbnRlZ3JpdHkiOiJzaGE1MTItQnEzU21TcHlGSGFXalBrOElmOXljNnN2TThjNTZkQjVCQXRXNFFidzVqSFR3d1hYY1RMb1JNa3BESnA2VkwwWHpsV2FDSFRYcmtGVVJNWW1EMHNMcWc9PSIsImxpY2Vuc2UiOiJNSVQiLCJlbmdpbmVzIjp7Im5vZGUiOiI+PTEyIn0sImZ1bmRpbmciOnsidXJsIjoiaHR0cHM6Ly9naXRodWIuY29tL2NoYWxrL2Fuc2ktcmVnZXg/c3BvbnNvcj0xIn19LCJub2RlX21vZHVsZXMvYW5zaS1zdHlsZXMiOnsidmVyc2lvbiI6IjYuMi4zIiwicmVzb2x2ZWQiOiJodHRwczovL3JlZ2lzdHJ5Lm5wbWpzLm9yZy9hbnNpLXN0eWxlcy8tL2Fuc2ktc3R5bGVzLTYuMi4zLnRneiIsImludGVncml0eSI6InNoYTUxMi00RGo2TTI4SkIrb0FIOGtGa1RMVW8rYTJqd09Ga3VxYjN5dWNVMENBTmNSUlVieFMwY1AwblpZQ0dqY2MzQk5Yd1JJc1VWbURHZ3phd21lN3p2Skh2Zz09IiwibGljZW5zZSI6Ik1JVCIsImVuZ2luZXMiOnsibm9kZSI6Ij49MTIifSwiZnVuZGluZyI6eyJ1cmwiOiJodHRwczovL2dpdGh1Yi5jb20vY2hhbGsvYW5zaS1zdHlsZXM/c3BvbnNvcj0xIn19LCJub2RlX21vZHVsZXMvYXJncGFyc2UiOnsidmVyc2lvbiI6IjEuMC4xMCIsInJlc29sdmVkIjoiaHR0cHM6Ly9yZWdpc3RyeS5ucG1qcy5vcmcvYXJncGFyc2UvLS9hcmdwYXJzZS0xLjAuMTAudGd6IiwiaW50ZWdyaXR5Ijoic2hhNTEyLW81Um95NnRORzRTTC9GT2tDQU42UnpqaWFrWlMyNVJMWUZyY010dEpxYmRkOEJXcm5BK2ZHejU3aU41UGIwNnB2Qkd2bDVnUTBCNDhkSmxzbFh2b1RnPT0iLCJsaWNlbnNlIjoiTUlUIiwiZGVwZW5kZW5jaWVzIjp7InNwcmludGYtanMiOiJ+MS4wLjIifX0sIm5vZGVfbW9kdWxlcy9iYWxhbmNlZC1tYXRjaCI6eyJ2ZXJzaW9uIjoiMS4wLjIiLCJyZXNvbHZlZCI6Imh0dHBzOi8vcmVnaXN0cnkubnBtanMub3JnL2JhbGFuY2VkLW1hdGNoLy0vYmFsYW5jZWQtbWF0Y2gtMS4wLjIudGd6IiwiaW50ZWdyaXR5Ijoic2hhNTEyLTNvU2VVTzBUTVY2N2hOMUFtYlhzSzR5YXFVN3RqaUhsYnhSRFpPcEgwS1c5K0NlWDRiUkFhWDBBbnh0MHR4Mk1ycFJwV3dRYVB3SWxJU0VKaFlVNVB3PT0iLCJsaWNlbnNlIjoiTUlUIn0sIm5vZGVfbW9kdWxlcy9icmFjZS1leHBhbnNpb24iOnsidmVyc2lvbiI6IjIuMC4yIiwicmVzb2x2ZWQiOiJodHRwczovL3JlZ2lzdHJ5Lm5wbWpzLm9yZy9icmFjZS1leHBhbnNpb24vLS9icmFjZS1leHBhbnNpb24tMi4wLjIudGd6IiwiaW50ZWdyaXR5Ijoic2hhNTEyLUp0MHZIeU0ram1VQnFvakI3RTFOSVlhZHQwdkkwUXhqeGQyVEVyVzk0d0R6K0UyTEFtNXZLTVhYd2c2WlpCVEhQdVVsRGdRSEtYdmpHQmRmY0YxWkRRPT0iLCJsaWNlbnNlIjoiTUlUIiwiZGVwZW5kZW5jaWVzIjp7ImJhbGFuY2VkLW1hdGNoIjoiXjEuMC4wIn19LCJub2RlX21vZHVsZXMvY29sb3ItY29udmVydCI6eyJ2ZXJzaW9uIjoiMi4wLjEiLCJyZXNvbHZlZCI6Imh0dHBzOi8vcmVnaXN0cnkubnBtanMub3JnL2NvbG9yLWNvbnZlcnQvLS9jb2xvci1jb252ZXJ0LTIuMC4xLnRneiIsImludGVncml0eSI6InNoYTUxMi1SUkVDUHNqN2l1L3hiNW9LWWNzRkhTcHBGTm5zai81Mk9WVFJLYjR6UDVvblh3VkYzelZtbVRvTmNPZkdDK0NSRHBmSy9VNTg0Zk1nMzhaSENhRWxLUT09IiwibGljZW5zZSI6Ik1JVCIsImRlcGVuZGVuY2llcyI6eyJjb2xvci1uYW1lIjoifjEuMS40In0sImVuZ2luZXMiOnsibm9kZSI6Ij49Ny4wLjAifX0sIm5vZGVfbW9kdWxlcy9jb2xvci1uYW1lIjp7InZlcnNpb24iOiIxLjEuNCIsInJlc29sdmVkIjoiaHR0cHM6Ly9yZWdpc3RyeS5ucG1qcy5vcmcvY29sb3ItbmFtZS8tL2NvbG9yLW5hbWUtMS4xLjQudGd6IiwiaW50ZWdyaXR5Ijoic2hhNTEyLWRPeSszQXVXM2Eyd05iWkhJdU1acFRjZ2pHdUxVL3VCTC91YmNaRjlPWGJEbzhmZjRPOHlWcDVCZjBlZlM4dUVvWW81cTRGeDdkWTlPZ1FHWGdBc1FBPT0iLCJsaWNlbnNlIjoiTUlUIn0sIm5vZGVfbW9kdWxlcy9jcm9zcy1zcGF3biI6eyJ2ZXJzaW9uIjoiNy4wLjYiLCJyZXNvbHZlZCI6Imh0dHBzOi8vcmVnaXN0cnkubnBtanMub3JnL2Nyb3NzLXNwYXduLy0vY3Jvc3Mtc3Bhd24tNy4wLjYudGd6IiwiaW50ZWdyaXR5Ijoic2hhNTEyLXVWMlFPV1Aybld6c3kyYU1wOGFSaWJoaTlkbHpGNUhnaDVTSGFCOU9pVEdFeURUaUpKeXgwdXk1MVFYZHlXYnRBSE51YTRYSnpVS2NhM096S1VkM3ZBPT0iLCJsaWNlbnNlIjoiTUlUIiwiZGVwZW5kZW5jaWVzIjp7InBhdGgta2V5IjoiXjMuMS4wIiwic2hlYmFuZy1jb21tYW5kIjoiXjIuMC4wIiwid2hpY2giOiJeMi4wLjEifSwiZW5naW5lcyI6eyJub2RlIjoiPj0gOCJ9fSwibm9kZV9tb2R1bGVzL2Vhc3Rhc2lhbndpZHRoIjp7InZlcnNpb24iOiIwLjIuMCIsInJlc29sdmVkIjoiaHR0cHM6Ly9yZWdpc3RyeS5ucG1qcy5vcmcvZWFzdGFzaWFud2lkdGgvLS9lYXN0YXNpYW53aWR0aC0wLjIuMC50Z3oiLCJpbnRlZ3JpdHkiOiJzaGE1MTItSTg4VFlaV2M5WGlZSFJRNC8zYzVyampmZ2tqaEx5VzJsdUdJaGVHRVJiTlE2T1k3eVR5YmFuU3BEWFphOHk3VlVQOVltRGNZYStleXE0Y2E3aUxxV0E9PSIsImxpY2Vuc2UiOiJNSVQifSwibm9kZV9tb2R1bGVzL2Vtb2ppLXJlZ2V4Ijp7InZlcnNpb24iOiI5LjIuMiIsInJlc29sdmVkIjoiaHR0cHM6Ly9yZWdpc3RyeS5ucG1qcy5vcmcvZW1vamktcmVnZXgvLS9lbW9qaS1yZWdleC05LjIuMi50Z3oiLCJpbnRlZ3JpdHkiOiJzaGE1MTItTDE4RGFKc1hTVWsyKzQycHY4bUxzNWpKVDJocUZrRkU0ajIxd09tZ2JVcXNaMmhMNzJOc1VVNzg1ZzlSWGdvM3MwWk5nVmw0MlRpSHAzWnRPdi9WeWc9PSIsImxpY2Vuc2UiOiJNSVQifSwibm9kZV9tb2R1bGVzL2VzYnVpbGQiOnsidmVyc2lvbiI6IjAuMjcuMiIsInJlc29sdmVkIjoiaHR0cHM6Ly9yZWdpc3RyeS5ucG1qcy5vcmcvZXNidWlsZC8tL2VzYnVpbGQtMC4yNy4yLnRneiIsImludGVncml0eSI6InNoYTUxMi1IeU5RSW1uc09DN1g5UE1OYUNJZUFtNElTQ1FYczVhNVlhc1RYVmxpS3Y0dXVCbzFkS3JHMEErdVFTOE01ZVhqVk1uTGczV2dYYUt2cHJIbEZKUWZmdz09IiwiZGV2Ijp0cnVlLCJoYXNJbnN0YWxsU2NyaXB0Ijp0cnVlLCJsaWNlbnNlIjoiTUlUIiwiYmluIjp7ImVzYnVpbGQiOiJiaW4vZXNidWlsZCJ9LCJlbmdpbmVzIjp7Im5vZGUiOiI+PTE4In0sIm9wdGlvbmFsRGVwZW5kZW5jaWVzIjp7IkBlc2J1aWxkL2FpeC1wcGM2NCI6IjAuMjcuMiIsIkBlc2J1aWxkL2FuZHJvaWQtYXJtIjoiMC4yNy4yIiwiQGVzYnVpbGQvYW5kcm9pZC1hcm02NCI6IjAuMjcuMiIsIkBlc2J1aWxkL2FuZHJvaWQteDY0IjoiMC4yNy4yIiwiQGVzYnVpbGQvZGFyd2luLWFybTY0IjoiMC4yNy4yIiwiQGVzYnVpbGQvZGFyd2luLXg2NCI6IjAuMjcuMiIsIkBlc2J1aWxkL2ZyZWVic2QtYXJtNjQiOiIwLjI3LjIiLCJAZXNidWlsZC9mcmVlYnNkLXg2NCI6IjAuMjcuMiIsIkBlc2J1aWxkL2xpbnV4LWFybSI6IjAuMjcuMiIsIkBlc2J1aWxkL2xpbnV4LWFybTY0IjoiMC4yNy4yIiwiQGVzYnVpbGQvbGludXgtaWEzMiI6IjAuMjcuMiIsIkBlc2J1aWxkL2xpbnV4LWxvb25nNjQiOiIwLjI3LjIiLCJAZXNidWlsZC9saW51eC1taXBzNjRlbCI6IjAuMjcuMiIsIkBlc2J1aWxkL2xpbnV4LXBwYzY0IjoiMC4yNy4yIiwiQGVzYnVpbGQvbGludXgtcmlzY3Y2NCI6IjAuMjcuMiIsIkBlc2J1aWxkL2xpbnV4LXMzOTB4IjoiMC4yNy4yIiwiQGVzYnVpbGQvbGludXgteDY0IjoiMC4yNy4yIiwiQGVzYnVpbGQvbmV0YnNkLWFybTY0IjoiMC4yNy4yIiwiQGVzYnVpbGQvbmV0YnNkLXg2NCI6IjAuMjcuMiIsIkBlc2J1aWxkL29wZW5ic2QtYXJtNjQiOiIwLjI3LjIiLCJAZXNidWlsZC9vcGVuYnNkLXg2NCI6IjAuMjcuMiIsIkBlc2J1aWxkL29wZW5oYXJtb255LWFybTY0IjoiMC4yNy4yIiwiQGVzYnVpbGQvc3Vub3MteDY0IjoiMC4yNy4yIiwiQGVzYnVpbGQvd2luMzItYXJtNjQiOiIwLjI3LjIiLCJAZXNidWlsZC93aW4zMi1pYTMyIjoiMC4yNy4yIiwiQGVzYnVpbGQvd2luMzIteDY0IjoiMC4yNy4yIn19LCJub2RlX21vZHVsZXMvZXNwcmltYSI6eyJ2ZXJzaW9uIjoiNC4wLjEiLCJyZXNvbHZlZCI6Imh0dHBzOi8vcmVnaXN0cnkubnBtanMub3JnL2VzcHJpbWEvLS9lc3ByaW1hLTQuMC4xLnRneiIsImludGVncml0eSI6InNoYTUxMi1lR3VGRnc3VXBkYStnNHArUUh2blcwUnlUWC9TVmVKQkRNL2dDdE1BUk8wY0x1VDJIY0VLblRQdmhqVjZhR2VxckNCL3NiTm9wMEtzem0wanNhV1U0QT09IiwibGljZW5zZSI6IkJTRC0yLUNsYXVzZSIsImJpbiI6eyJlc3BhcnNlIjoiYmluL2VzcGFyc2UuanMiLCJlc3ZhbGlkYXRlIjoiYmluL2VzdmFsaWRhdGUuanMifSwiZW5naW5lcyI6eyJub2RlIjoiPj00In19LCJub2RlX21vZHVsZXMvZXh0ZW5kLXNoYWxsb3ciOnsidmVyc2lvbiI6IjIuMC4xIiwicmVzb2x2ZWQiOiJodHRwczovL3JlZ2lzdHJ5Lm5wbWpzLm9yZy9leHRlbmQtc2hhbGxvdy8tL2V4dGVuZC1zaGFsbG93LTIuMC4xLnRneiIsImludGVncml0eSI6InNoYTUxMi16Q25UdGx4Tm9BaURjM2dxWTJhWUFXRng3WFdXaWFzdUYySzhNZTVXYk44b3RIS1RVS0J3alB0TnBScy9yYlVabTdLeFdBYU5qN1AxYS9wNTJHYlZ1Zz09IiwibGljZW5zZSI6Ik1JVCIsImRlcGVuZGVuY2llcyI6eyJpcy1leHRlbmRhYmxlIjoiXjAuMS4wIn0sImVuZ2luZXMiOnsibm9kZSI6Ij49MC4xMC4wIn19LCJub2RlX21vZHVsZXMvZm9yZWdyb3VuZC1jaGlsZCI6eyJ2ZXJzaW9uIjoiMy4zLjEiLCJyZXNvbHZlZCI6Imh0dHBzOi8vcmVnaXN0cnkubnBtanMub3JnL2ZvcmVncm91bmQtY2hpbGQvLS9mb3JlZ3JvdW5kLWNoaWxkLTMuMy4xLnRneiIsImludGVncml0eSI6InNoYTUxMi1nSVhqS3F0RnVXRWd6RlJKQTlXQ1FlU0pMWkRqZ0pVT01DTXp4dHZGcS8zN0tvak0xQkZHdWZxc0N5MHI0cVNRbVlMc1pZTWV5UnF6SVdPTXVwMDNzdz09IiwibGljZW5zZSI6IklTQyIsImRlcGVuZGVuY2llcyI6eyJjcm9zcy1zcGF3biI6Il43LjAuNiIsInNpZ25hbC1leGl0IjoiXjQuMC4xIn0sImVuZ2luZXMiOnsibm9kZSI6Ij49MTQifSwiZnVuZGluZyI6eyJ1cmwiOiJodHRwczovL2dpdGh1Yi5jb20vc3BvbnNvcnMvaXNhYWNzIn19LCJub2RlX21vZHVsZXMvZnNldmVudHMiOnsidmVyc2lvbiI6IjIuMy4zIiwicmVzb2x2ZWQiOiJodHRwczovL3JlZ2lzdHJ5Lm5wbWpzLm9yZy9mc2V2ZW50cy8tL2ZzZXZlbnRzLTIuMy4zLnRneiIsImludGVncml0eSI6InNoYTUxMi01eG9EZlgrZkw3ZmFBVG5hZ21XUHBiRnR3aC9SNzdXbU1NcXFIR1M2NUMzdnZCMFlIcmdGK0IxWW1aMzQ0MXRNajVuNjNrMDIxMlhOb0p3emxoZmZRdz09IiwiZGV2Ijp0cnVlLCJoYXNJbnN0YWxsU2NyaXB0Ijp0cnVlLCJsaWNlbnNlIjoiTUlUIiwib3B0aW9uYWwiOnRydWUsIm9zIjpbImRhcndpbiJdLCJlbmdpbmVzIjp7Im5vZGUiOiJeOC4xNi4wIHx8IF4xMC42LjAgfHwgPj0xMS4wLjAifX0sIm5vZGVfbW9kdWxlcy9nZXQtdHNjb25maWciOnsidmVyc2lvbiI6IjQuMTMuMCIsInJlc29sdmVkIjoiaHR0cHM6Ly9yZWdpc3RyeS5ucG1qcy5vcmcvZ2V0LXRzY29uZmlnLy0vZ2V0LXRzY29uZmlnLTQuMTMuMC50Z3oiLCJpbnRlZ3JpdHkiOiJzaGE1MTItMVZLVFpKQ3dCcnZiZCtXbjNBT2dRUC8yQXYrVGZUQ09sRTRBY1JKRTcyVzFrc1pYYkF4OFBQQlI5UnpnVGVTUHpsUE1IcmJBTk1IM0xibHRINzN3eFE9PSIsImRldiI6dHJ1ZSwibGljZW5zZSI6Ik1JVCIsImRlcGVuZGVuY2llcyI6eyJyZXNvbHZlLXBrZy1tYXBzIjoiXjEuMC4wIn0sImZ1bmRpbmciOnsidXJsIjoiaHR0cHM6Ly9naXRodWIuY29tL3ByaXZhdGVudW1iZXIvZ2V0LXRzY29uZmlnP3Nwb25zb3I9MSJ9fSwibm9kZV9tb2R1bGVzL2dsb2IiOnsidmVyc2lvbiI6IjEwLjUuMCIsInJlc29sdmVkIjoiaHR0cHM6Ly9yZWdpc3RyeS5ucG1qcy5vcmcvZ2xvYi8tL2dsb2ItMTAuNS4wLnRneiIsImludGVncml0eSI6InNoYTUxMi1EZlhOOERmaEo3TkgzT2U3Y0ZtdTNOQ3Uxd0tia1JlSjhUb3J6U0FGYlNLcmxOYVFTS2ZJenFZcVZZOHpsYnMyTkxCYldwUmlVNTJHWDJQYmFCVk5rZz09IiwibGljZW5zZSI6IklTQyIsImRlcGVuZGVuY2llcyI6eyJmb3JlZ3JvdW5kLWNoaWxkIjoiXjMuMS4wIiwiamFja3NwZWFrIjoiXjMuMS4yIiwibWluaW1hdGNoIjoiXjkuMC40IiwibWluaXBhc3MiOiJeNy4xLjIiLCJwYWNrYWdlLWpzb24tZnJvbS1kaXN0IjoiXjEuMC4wIiwicGF0aC1zY3VycnkiOiJeMS4xMS4xIn0sImJpbiI6eyJnbG9iIjoiZGlzdC9lc20vYmluLm1qcyJ9LCJmdW5kaW5nIjp7InVybCI6Imh0dHBzOi8vZ2l0aHViLmNvbS9zcG9uc29ycy9pc2FhY3MifX0sIm5vZGVfbW9kdWxlcy9ncmF5LW1hdHRlciI6eyJ2ZXJzaW9uIjoiNC4wLjMiLCJyZXNvbHZlZCI6Imh0dHBzOi8vcmVnaXN0cnkubnBtanMub3JnL2dyYXktbWF0dGVyLy0vZ3JheS1tYXR0ZXItNC4wLjMudGd6IiwiaW50ZWdyaXR5Ijoic2hhNTEyLTV2NnlaZDRKSzNlTUkzRnFxQ291c3dWcXd1Z2FBOXI0ZE5aQjF3d2NtckQwMlFrVjVIMHk3WEJRVzhRd1FxRWFaWTFwTTlhcU9SU09SaEpSZE5LNDRRPT0iLCJsaWNlbnNlIjoiTUlUIiwiZGVwZW5kZW5jaWVzIjp7ImpzLXlhbWwiOiJeMy4xMy4xIiwia2luZC1vZiI6Il42LjAuMiIsInNlY3Rpb24tbWF0dGVyIjoiXjEuMC4wIiwic3RyaXAtYm9tLXN0cmluZyI6Il4xLjAuMCJ9LCJlbmdpbmVzIjp7Im5vZGUiOiI+PTYuMCJ9fSwibm9kZV9tb2R1bGVzL2lzLWV4dGVuZGFibGUiOnsidmVyc2lvbiI6IjAuMS4xIiwicmVzb2x2ZWQiOiJodHRwczovL3JlZ2lzdHJ5Lm5wbWpzLm9yZy9pcy1leHRlbmRhYmxlLy0vaXMtZXh0ZW5kYWJsZS0wLjEuMS50Z3oiLCJpbnRlZ3JpdHkiOiJzaGE1MTItNUJNVUxOb2IxdmdGWDZFalF3NWl6V0R4cmVjV0s5QU03MnJ1Z05yMFRGbGRNT2kwZmo2SmsremVLSXQweEdqNGNFZlFJSnRoNHczT0tXT0o0ZitBRnc9PSIsImxpY2Vuc2UiOiJNSVQiLCJlbmdpbmVzIjp7Im5vZGUiOiI+PTAuMTAuMCJ9fSwibm9kZV9tb2R1bGVzL2lzLWZ1bGx3aWR0aC1jb2RlLXBvaW50Ijp7InZlcnNpb24iOiIzLjAuMCIsInJlc29sdmVkIjoiaHR0cHM6Ly9yZWdpc3RyeS5ucG1qcy5vcmcvaXMtZnVsbHdpZHRoLWNvZGUtcG9pbnQvLS9pcy1mdWxsd2lkdGgtY29kZS1wb2ludC0zLjAuMC50Z3oiLCJpbnRlZ3JpdHkiOiJzaGE1MTItenltbTUrdStzQ3NTV3lEOXFOYWVqVjNERnZoQ0tjbEtkaXpZYUpVdUhBODNSTGpiN25TdUduZGRDSEd2MGhrK0tZN0JNQWxzV2VLNFVlZzZFVjZYUWc9PSIsImxpY2Vuc2UiOiJNSVQiLCJlbmdpbmVzIjp7Im5vZGUiOiI+PTgifX0sIm5vZGVfbW9kdWxlcy9pc2V4ZSI6eyJ2ZXJzaW9uIjoiMi4wLjAiLCJyZXNvbHZlZCI6Imh0dHBzOi8vcmVnaXN0cnkubnBtanMub3JnL2lzZXhlLy0vaXNleGUtMi4wLjAudGd6IiwiaW50ZWdyaXR5Ijoic2hhNTEyLVJIeE1McDlsbktIR0hSbmc5UUZoUkNNYllBY1ZwbjY5c21TR2NxM2YzNnhqZ1ZWV1RoajRxcUxiVExscTdTc2o4QitmSVExRXVDRUdJMmxLc3lRZUl3PT0iLCJsaWNlbnNlIjoiSVNDIn0sIm5vZGVfbW9kdWxlcy9qYWNrc3BlYWsiOnsidmVyc2lvbiI6IjMuNC4zIiwicmVzb2x2ZWQiOiJodHRwczovL3JlZ2lzdHJ5Lm5wbWpzLm9yZy9qYWNrc3BlYWsvLS9qYWNrc3BlYWstMy40LjMudGd6IiwiaW50ZWdyaXR5Ijoic2hhNTEyLU9HbFpRcHoyeWZhaEEvUmQxWThDZDlTSUVzcXZYa0xWb1N3L2Nnd2huaEZNRGJzUUZlWllvSko3YklaQlM5QmNhbVVXOTZhc3EvbnBQV3VnTStSUUJ3PT0iLCJsaWNlbnNlIjoiQmx1ZU9hay0xLjAuMCIsImRlcGVuZGVuY2llcyI6eyJAaXNhYWNzL2NsaXVpIjoiXjguMC4yIn0sImZ1bmRpbmciOnsidXJsIjoiaHR0cHM6Ly9naXRodWIuY29tL3Nwb25zb3JzL2lzYWFjcyJ9LCJvcHRpb25hbERlcGVuZGVuY2llcyI6eyJAcGtnanMvcGFyc2VhcmdzIjoiXjAuMTEuMCJ9fSwibm9kZV9tb2R1bGVzL2pzLXlhbWwiOnsidmVyc2lvbiI6IjMuMTQuMiIsInJlc29sdmVkIjoiaHR0cHM6Ly9yZWdpc3RyeS5ucG1qcy5vcmcvanMteWFtbC8tL2pzLXlhbWwtMy4xNC4yLnRneiIsImludGVncml0eSI6InNoYTUxMi1QTVNta3F4cjEwNlhhMTU2YzJNMjY1WitGVHJQbCtveGQvcmdPUXkydGlqUWVLNVR4UTQzcHNPMVpDd2hWT1Nkbm4rUnpremxSei9lWTRCZ0pCWVZwZz09IiwibGljZW5zZSI6Ik1JVCIsImRlcGVuZGVuY2llcyI6eyJhcmdwYXJzZSI6Il4xLjAuNyIsImVzcHJpbWEiOiJeNC4wLjAifSwiYmluIjp7ImpzLXlhbWwiOiJiaW4vanMteWFtbC5qcyJ9fSwibm9kZV9tb2R1bGVzL2tpbmQtb2YiOnsidmVyc2lvbiI6IjYuMC4zIiwicmVzb2x2ZWQiOiJodHRwczovL3JlZ2lzdHJ5Lm5wbWpzLm9yZy9raW5kLW9mLy0va2luZC1vZi02LjAuMy50Z3oiLCJpbnRlZ3JpdHkiOiJzaGE1MTItZGNTMXVsKzl0bWVEOTVUK3gyOC9laExnZDltRU5hM0xzdkRUdHptM3Z5QkVPN1JQcHR2QUQrdDQ0V1ZYYVVqVEJSY3JwRmVGbEM4V0NydVVSNDU2aHc9PSIsImxpY2Vuc2UiOiJNSVQiLCJlbmdpbmVzIjp7Im5vZGUiOiI+PTAuMTAuMCJ9fSwibm9kZV9tb2R1bGVzL2xydS1jYWNoZSI6eyJ2ZXJzaW9uIjoiMTAuNC4zIiwicmVzb2x2ZWQiOiJodHRwczovL3JlZ2lzdHJ5Lm5wbWpzLm9yZy9scnUtY2FjaGUvLS9scnUtY2FjaGUtMTAuNC4zLnRneiIsImludGVncml0eSI6InNoYTUxMi1KTkF6WmNYckN0NDJWR0x1WXowemZBekRmQXZKV1c2QWZZbERCUXlEVjVEQ2xJMm01c0FtSytPSU83czU5WGZzUnNXSHAwMmpBSnJSYWRQUkdUdDZTUT09IiwibGljZW5zZSI6IklTQyJ9LCJub2RlX21vZHVsZXMvbWluaW1hdGNoIjp7InZlcnNpb24iOiI5LjAuNSIsInJlc29sdmVkIjoiaHR0cHM6Ly9yZWdpc3RyeS5ucG1qcy5vcmcvbWluaW1hdGNoLy0vbWluaW1hdGNoLTkuMC41LnRneiIsImludGVncml0eSI6InNoYTUxMi1HNlQwWlg0OHhnb3p4NzU4N2tvZVg5WXMyTll5Nkdtdi8vUDg5c0V0ZTlWOXdoSWFwTU5GNGlkS3huVzJRdENjTGlUV2xiL3dmQ2FiQXRBRldoaEJvdz09IiwibGljZW5zZSI6IklTQyIsImRlcGVuZGVuY2llcyI6eyJicmFjZS1leHBhbnNpb24iOiJeMi4wLjEifSwiZW5naW5lcyI6eyJub2RlIjoiPj0xNiB8fCAxNCA+PTE0LjE3In0sImZ1bmRpbmciOnsidXJsIjoiaHR0cHM6Ly9naXRodWIuY29tL3Nwb25zbw==cnMvaXNhYWNzIn19LCJub2RlX21vZHVsZXMvbWluaXBhc3MiOnsidmVyc2lvbiI6IjcuMS4yIiwicmVzb2x2ZWQiOiJodHRwczovL3JlZ2lzdHJ5Lm5wbWpzLm9yZy9taW5pcGFzcy8tL21pbmlwYXNzLTcuMS4yLnRneiIsImludGVncml0eSI6InNoYTUxMi1xT096UzFjQlRXWUY0Qkg4ZlZlUERCT085aXB0TW5HVUVad05jL2NNV25UVjJuVkxaN1ZvTldFUEhrWWN6WkEwcGRvQTdkbDZlN0ZMNjU5blg5UzJhdz09IiwibGljZW5zZSI6IklTQyIsImVuZ2luZXMiOnsibm9kZSI6Ij49MTYgfHwgMTQgPj0xNC4xNyJ9fSwibm9kZV9tb2R1bGVzL3BhY2thZ2UtanNvbi1mcm9tLWRpc3QiOnsidmVyc2lvbiI6IjEuMC4xIiwicmVzb2x2ZWQiOiJodHRwczovL3JlZ2lzdHJ5Lm5wbWpzLm9yZy9wYWNrYWdlLWpzb24tZnJvbS1kaXN0Ly0vcGFja2FnZS1qc29uLWZyb20tZGlzdC0xLjAuMS50Z3oiLCJpbnRlZ3JpdHkiOiJzaGE1MTItVUVaSVMzL2J5NE9DOHZMM1AyZFRYUkVUcGViTEkyTmlJNXZJcmphRC81VXRya0ZYL3ROYndqVFNSQUdDLys3Q0FvMnBJY0JhUmdXbWNCQkhjc2FDSXc9PSIsImxpY2Vuc2UiOiJCbHVlT2FrLTEuMC4wIn0sIm5vZGVfbW9kdWxlcy9wYXRoLWtleSI6eyJ2ZXJzaW9uIjoiMy4xLjEiLCJyZXNvbHZlZCI6Imh0dHBzOi8vcmVnaXN0cnkubnBtanMub3JnL3BhdGgta2V5Ly0vcGF0aC1rZXktMy4xLjEudGd6IiwiaW50ZWdyaXR5Ijoic2hhNTEyLW9qbWVOMHFkK3kwanN6RXRvWTQ4cjBQZXE1ZHdNRWtJbENPdTZRNWY0MWxma3N3WHVLdFlyaGdvVHBMbnlJY0htMjRVaHF4KzVUcW0ySW5Td0xoRTZRPT0iLCJsaWNlbnNlIjoiTUlUIiwiZW5naW5lcyI6eyJub2RlIjoiPj04In19LCJub2RlX21vZHVsZXMvcGF0aC1zY3VycnkiOnsidmVyc2lvbiI6IjEuMTEuMSIsInJlc29sdmVkIjoiaHR0cHM6Ly9yZWdpc3RyeS5ucG1qcy5vcmcvcGF0aC1zY3VycnkvLS9wYXRoLXNjdXJyeS0xLjExLjEudGd6IiwiaW50ZWdyaXR5Ijoic2hhNTEyLVhhNE53MTdGUzlBcFFGSjl1bUxpSlM0b3JHam03Wnp3VXJ3YW1jR1F1SFN6RHl0aDlib0tEYXljWWREY1pEdXFZQVRYdzRIRlhnYXFXVGN0Vy92MUhBPT0iLCJsaWNlbnNlIjoiQmx1ZU9hay0xLjAuMCIsImRlcGVuZGVuY2llcyI6eyJscnUtY2FjaGUiOiJeMTAuMi4wIiwibWluaXBhc3MiOiJeNS4wLjAgfHwgXjYuMC4yIHx8IF43LjAuMCJ9LCJlbmdpbmVzIjp7Im5vZGUiOiI+PTE2IHx8IDE0ID49MTQuMTgifSwiZnVuZGluZyI6eyJ1cmwiOiJodHRwczovL2dpdGh1Yi5jb20vc3BvbnNvcnMvaXNhYWNzIn19LCJub2RlX21vZHVsZXMvcmVzb2x2ZS1wa2ctbWFwcyI6eyJ2ZXJzaW9uIjoiMS4wLjAiLCJyZXNvbHZlZCI6Imh0dHBzOi8vcmVnaXN0cnkubnBtanMub3JnL3Jlc29sdmUtcGtnLW1hcHMvLS9yZXNvbHZlLXBrZy1tYXBzLTEuMC4wLnRneiIsImludGVncml0eSI6InNoYTUxMi1zZVMyVGoyNlRCVk9DMk5JYzJyT2UyeTJaTzdlZnhJVHRMWmNHU09uSEhOT1E3Q2tpVUJmdzBJdzJjazZ4a0loUHdMaEtOTFM4Qk8raEVwbmdRbHF6dz09IiwiZGV2Ijp0cnVlLCJsaWNlbnNlIjoiTUlUIiwiZnVuZGluZyI6eyJ1cmwiOiJodHRwczovL2dpdGh1Yi5jb20vcHJpdmF0ZW51bWJlci9yZXNvbHZlLXBrZy1tYXBzP3Nwb25zb3I9MSJ9fSwibm9kZV9tb2R1bGVzL3NlY3Rpb24tbWF0dGVyIjp7InZlcnNpb24iOiIxLjAuMCIsInJlc29sdmVkIjoiaHR0cHM6Ly9yZWdpc3RyeS5ucG1qcy5vcmcvc2VjdGlvbi1tYXR0ZXIvLS9zZWN0aW9uLW1hdHRlci0xLjAuMC50Z3oiLCJpbnRlZ3JpdHkiOiJzaGE1MTItdmZEM3BtVHpHcHVmalNjQmg1MFlIS3pFdTJseEJXaFZFSHNOR29FWG1DbW4yaEtHZmVOTFlNekNKcGU4Y0Q3Z3FYN1RKbHVPVnBCa0FlcXU2ZGdNbUE9PSIsImxpY2Vuc2UiOiJNSVQiLCJkZXBlbmRlbmNpZXMiOnsiZXh0ZW5kLXNoYWxsb3ciOiJeMi4wLjEiLCJraW5kLW9mIjoiXjYuMC4wIn0sImVuZ2luZXMiOnsibm9kZSI6Ij49NCJ9fSwibm9kZV9tb2R1bGVzL3NoZWJhbmctY29tbWFuZCI6eyJ2ZXJzaW9uIjoiMi4wLjAiLCJyZXNvbHZlZCI6Imh0dHBzOi8vcmVnaXN0cnkubnBtanMub3JnL3NoZWJhbmctY29tbWFuZC8tL3NoZWJhbmctY29tbWFuZC0yLjAuMC50Z3oiLCJpbnRlZ3JpdHkiOiJzaGE1MTIta0h4cjJ6WnBZdGRtck4xcURqcnJYL1oxclIxa0c4RHgrZ2twSzFHNGVYbXZYc3dtY0UxaFRXQldZVXpscmFZdzEveVpwNll1RFk3N1l0dmJOMGRtREE9PSIsImxpY2Vuc2UiOiJNSVQiLCJkZXBlbmRlbmNpZXMiOnsic2hlYmFuZy1yZWdleCI6Il4zLjAuMCJ9LCJlbmdpbmVzIjp7Im5vZGUiOiI+PTgifX0sIm5vZGVfbW9kdWxlcy9zaGViYW5nLXJlZ2V4Ijp7InZlcnNpb24iOiIzLjAuMCIsInJlc29sdmVkIjoiaHR0cHM6Ly9yZWdpc3RyeS5ucG1qcy5vcmcvc2hlYmFuZy1yZWdleC8tL3NoZWJhbmctcmVnZXgtMy4wLjAudGd6IiwiaW50ZWdyaXR5Ijoic2hhNTEyLTcrK2RGaHRjeDMzNTN1QmFxOEREUjROdXhCZXRCekM3WlFPaG1UUUluSEVkNmJTclhkaUV5ekN2RzA3WjQ0VVlkTFNoV1V5WHQ1TS95aHo4ZWtjYjFBPT0iLCJsaWNlbnNlIjoiTUlUIiwiZW5naW5lcyI6eyJub2RlIjoiPj04In19LCJub2RlX21vZHVsZXMvc2lnbmFsLWV4aXQiOnsidmVyc2lvbiI6IjQuMS4wIiwicmVzb2x2ZWQiOiJodHRwczovL3JlZ2lzdHJ5Lm5wbWpzLm9yZy9zaWduYWwtZXhpdC8tL3NpZ25hbC1leGl0LTQuMS4wLnRneiIsImludGVncml0eSI6InNoYTUxMi1ienlaMWU4OHc5TzFpTkpiS25PbHZZVHJXUERsNDZPMWJHMEQzWEludis5dGtQcnhyTjhqVVVUaUZsRGtrbUtXZ24xTTZDZklBMTNTdUdxT2E5S29ydz09IiwibGljZW5zZSI6IklTQyIsImVuZ2luZXMiOnsibm9kZSI6Ij49MTQifSwiZnVuZGluZyI6eyJ1cmwiOiJodHRwczovL2dpdGh1Yi5jb20vc3BvbnNvcnMvaXNhYWNzIn19LCJub2RlX21vZHVsZXMvc3ByaW50Zi1qcyI6eyJ2ZXJzaW9uIjoiMS4wLjMiLCJyZXNvbHZlZCI6Imh0dHBzOi8vcmVnaXN0cnkubnBtanMub3JnL3NwcmludGYtanMvLS9zcHJpbnRmLWpzLTEuMC4zLnRneiIsImludGVncml0eSI6InNoYTUxMi1EOWNQZ2t2TGxWM3QzSXpMMEQwWUx2R0E5QWhrNFBjdlZ3VWJOMGRTR3IxYVAwTnJ0NEFFblRVYnVHdnF1RUMwbUE2NEdxdDFmemlybFJzNWliWHg4Zz09IiwibGljZW5zZSI6IkJTRC0zLUNsYXVzZSJ9LCJub2RlX21vZHVsZXMvc3RyaW5nLXdpZHRoIjp7InZlcnNpb24iOiI1LjEuMiIsInJlc29sdmVkIjoiaHR0cHM6Ly9yZWdpc3RyeS5ucG1qcy5vcmcvc3RyaW5nLXdpZHRoLy0vc3RyaW5nLXdpZHRoLTUuMS4yLnRneiIsImludGVncml0eSI6InNoYTUxMi1IbkxPQ1IzdmpjWThiZW9OTHRjalo1L254bjJhZm1NRTZsaHJEcmVib2txTWFwK1hiZVc4bjlUWHBQRE9xZEdLNXFjSTNvVDBHS1RXNndDN0VNaVZxQT09IiwibGljZW5zZSI6Ik1JVCIsImRlcGVuZGVuY2llcyI6eyJlYXN0YXNpYW53aWR0aCI6Il4wLjIuMCIsImVtb2ppLXJlZ2V4IjoiXjkuMi4yIiwic3RyaXAtYW5zaSI6Il43LjAuMSJ9LCJlbmdpbmVzIjp7Im5vZGUiOiI+PTEyIn0sImZ1bmRpbmciOnsidXJsIjoiaHR0cHM6Ly9naXRodWIuY29tL3Nwb25zb3JzL3NpbmRyZXNvcmh1cyJ9fSwibm9kZV9tb2R1bGVzL3N0cmluZy13aWR0aC1janMiOnsibmFtZSI6InN0cmluZy13aWR0aCIsInZlcnNpb24iOiI0LjIuMyIsInJlc29sdmVkIjoiaHR0cHM6Ly9yZWdpc3RyeS5ucG1qcy5vcmcvc3RyaW5nLXdpZHRoLy0vc3RyaW5nLXdpZHRoLTQuMi4zLnRneiIsImludGVncml0eSI6InNoYTUxMi13S3lRUlFwakowc0lwNjJFclNaZEdzak1KV3NhcDVvUk5paEhodTZHN0pWTy85aklCNlV5ZXZMK3RYdU9xcm5nOGovY3hLVFd5V1V3dlNUcmlpWnovZz09IiwibGljZW5zZSI6Ik1JVCIsImRlcGVuZGVuY2llcyI6eyJlbW9qaS1yZWdleCI6Il44LjAuMCIsImlzLWZ1bGx3aWR0aC1jb2RlLXBvaW50IjoiXjMuMC4wIiwic3RyaXAtYW5zaSI6Il42LjAuMSJ9LCJlbmdpbmVzIjp7Im5vZGUiOiI+PTgifX0sIm5vZGVfbW9kdWxlcy9zdHJpbmctd2lkdGgtY2pzL25vZGVfbW9kdWxlcy9hbnNpLXJlZ2V4Ijp7InZlcnNpb24iOiI1LjAuMSIsInJlc29sdmVkIjoiaHR0cHM6Ly9yZWdpc3RyeS5ucG1qcy5vcmcvYW5zaS1yZWdleC8tL2Fuc2ktcmVnZXgtNS4wLjEudGd6IiwiaW50ZWdyaXR5Ijoic2hhNTEyLXF1SlFYbFRTVUdMMkxIOVNVWG84VndzWTRzb2FuaGdvNkxOU204NEUxTEJjRThzM08wd3BkaVJ6eVI5ei9aWkpNbE1XdjM3cU9PYjlwZEpsTVVFS0ZRPT0iLCJsaWNlbnNlIjoiTUlUIiwiZW5naW5lcyI6eyJub2RlIjoiPj04In19LCJub2RlX21vZHVsZXMvc3RyaW5nLXdpZHRoLWNqcy9ub2RlX21vZHVsZXMvZW1vamktcmVnZXgiOnsidmVyc2lvbiI6IjguMC4wIiwicmVzb2x2ZWQiOiJodHRwczovL3JlZ2lzdHJ5Lm5wbWpzLm9yZy9lbW9qaS1yZWdleC8tL2Vtb2ppLXJlZ2V4LTguMC4wLnRneiIsImludGVncml0eSI6InNoYTUxMi1NU2pZemNXTk9BMGV3QUhwejBNeHBZRnZ3ZzZ5ankxTkczeHRlb3F6NjQ0VkNvL1JQZ25yMS9HR3QraWMzaUpUelE4RXUzVGRNMTRTYXduVlVtR0U2QT09IiwibGljZW5zZSI6Ik1JVCJ9LCJub2RlX21vZHVsZXMvc3RyaW5nLXdpZHRoLWNqcy9ub2RlX21vZHVsZXMvc3RyaXAtYW5zaSI6eyJ2ZXJzaW9uIjoiNi4wLjEiLCJyZXNvbHZlZCI6Imh0dHBzOi8vcmVnaXN0cnkubnBtanMub3JnL3N0cmlwLWFuc2kvLS9zdHJpcC1hbnNpLTYuMC4xLnRneiIsImludGVncml0eSI6InNoYTUxMi1ZMzhWUFNIY3FrRnJDcEZuUTl2dVNYbXF1dXY1b1hPS3BHZVQ2YUdycjNvM0djOUFsVmE2SkJmVVNPQ25ieEdHWkYrLzBvb0k3S3JQdVVTenRVZFU1QT09IiwibGljZW5zZSI6Ik1JVCIsImRlcGVuZGVuY2llcyI6eyJhbnNpLXJlZ2V4IjoiXjUuMC4xIn0sImVuZ2luZXMiOns=Im5vZGUiOiI+PTgifX0sIm5vZGVfbW9kdWxlcy9zdHJpcC1hbnNpIjp7InZlcnNpb24iOiI3LjEuMiIsInJlc29sdmVkIjoiaHR0cHM6Ly9yZWdpc3RyeS5ucG1qcy5vcmcvc3RyaXAtYW5zaS8tL3N0cmlwLWFuc2ktNy4xLjIudGd6IiwiaW50ZWdyaXR5Ijoic2hhNTEyLWdtQkdzbHBvUUp0Z25NQXZPVnFHWnBFejlkeW9LVEN6eTJuZnovbjhhSUZoTi9qQ0UvckNtY3hhYkI2ak9PSFYrMFdObnlsT3hheEJRUFN2Y1drbGhBPT0iLCJsaWNlbnNlIjoiTUlUIiwiZGVwZW5kZW5jaWVzIjp7ImFuc2ktcmVnZXgiOiJeNi4wLjEifSwiZW5naW5lcyI6eyJub2RlIjoiPj0xMiJ9LCJmdW5kaW5nIjp7InVybCI6Imh0dHBzOi8vZ2l0aHViLmNvbS9jaGFsay9zdHJpcC1hbnNpP3Nwb25zb3I9MSJ9fSwibm9kZV9tb2R1bGVzL3N0cmlwLWFuc2ktY2pzIjp7Im5hbWUiOiJzdHJpcC1hbnNpIiwidmVyc2lvbiI6IjYuMC4xIiwicmVzb2x2ZWQiOiJodHRwczovL3JlZ2lzdHJ5Lm5wbWpzLm9yZy9zdHJpcC1hbnNpLy0vc3RyaXAtYW5zaS02LjAuMS50Z3oiLCJpbnRlZ3JpdHkiOiJzaGE1MTItWTM4VlBTSGNxa0ZyQ3BGblE5dnVTWG1xdXV2NW9YT0twR2VUNmFHcnIzbzNHYzlBbFZhNkpCZlVTT0NuYnhHR1pGKy8wb29JN0tyUHVVU3p0VWRVNUE9PSIsImxpY2Vuc2UiOiJNSVQiLCJkZXBlbmRlbmNpZXMiOnsiYW5zaS1yZWdleCI6Il41LjAuMSJ9LCJlbmdpbmVzIjp7Im5vZGUiOiI+PTgifX0sIm5vZGVfbW9kdWxlcy9zdHJpcC1hbnNpLWNqcy9ub2RlX21vZHVsZXMvYW5zaS1yZWdleCI6eyJ2ZXJzaW9uIjoiNS4wLjEiLCJyZXNvbHZlZCI6Imh0dHBzOi8vcmVnaXN0cnkubnBtanMub3JnL2Fuc2ktcmVnZXgvLS9hbnNpLXJlZ2V4LTUuMC4xLnRneiIsImludGVncml0eSI6InNoYTUxMi1xdUpRWGxUU1VHTDJMSDlTVVhvOFZ3c1k0c29hbmhnbzZMTlNtODRFMUxCY0U4czNPMHdwZGlSenlSOXovWlpKTWxNV3YzN3FPT2I5cGRKbE1VRUtGUT09IiwibGljZW5zZSI6Ik1JVCIsImVuZ2luZXMiOnsibm9kZSI6Ij49OCJ9fSwibm9kZV9tb2R1bGVzL3N0cmlwLWJvbS1zdHJpbmciOnsidmVyc2lvbiI6IjEuMC4wIiwicmVzb2x2ZWQiOiJodHRwczovL3JlZ2lzdHJ5Lm5wbWpzLm9yZy9zdHJpcC1ib20tc3RyaW5nLy0vc3RyaXAtYm9tLXN0cmluZy0xLjAuMC50Z3oiLCJpbnRlZ3JpdHkiOiJzaGE1MTItdUNDMlZIdlFSWXUrbE1oNE15L3NGTm1GMmtsRnltTFgxd0hKZVhuYkVKRVJwVi9ac1Z1b256ZXJqZnJHcElHRjdMQlZhMU83aTlramlXdkppRmNrOGc9PSIsImxpY2Vuc2UiOiJNSVQiLCJlbmdpbmVzIjp7Im5vZGUiOiI+PTAuMTAuMCJ9fSwibm9kZV9tb2R1bGVzL3RzeCI6eyJ2ZXJzaW9uIjoiNC4yMS4wIiwicmVzb2x2ZWQiOiJodHRwczovL3JlZ2lzdHJ5Lm5wbWpzLm9yZy90c3gvLS90c3gtNC4yMS4wLnRneiIsImludGVncml0eSI6InNoYTUxMi01QzFzZzRVU3MxbGZHMEdGYjJSTFhzZHBYcUJTRWhBYUEvMGtQTDAxd3h6cE1xTElMTnhJeElPS2lJTHorY2RnL3BMbk9VeEZZT1I1eWhIVTY2Nndidz09IiwiZGV2Ijp0cnVlLCJsaWNlbnNlIjoiTUlUIiwiZGVwZW5kZW5jaWVzIjp7ImVzYnVpbGQiOiJ+MC4yNy4wIiwiZ2V0LXRzY29uZmlnIjoiXjQuNy41In0sImJpbiI6eyJ0c3giOiJkaXN0L2NsaS5tanMifSwiZW5naW5lcyI6eyJub2RlIjoiPj0xOC4wLjAifSwib3B0aW9uYWxEZXBlbmRlbmNpZXMiOnsiZnNldmVudHMiOiJ+Mi4zLjMifX0sIm5vZGVfbW9kdWxlcy90eXBlc2NyaXB0Ijp7InZlcnNpb24iOiI1LjkuMyIsInJlc29sdmVkIjoiaHR0cHM6Ly9yZWdpc3RyeS5ucG1qcy5vcmcvdHlwZXNjcmlwdC8tL3R5cGVzY3JpcHQtNS45LjMudGd6IiwiaW50ZWdyaXR5Ijoic2hhNTEyLWpsMXZaelBEaW5McjllVXQzSi90N1Y2RmdORXc5UWp2QlBkeXN6OUtmUURENDFmUXJDMlk0dktRZGlhVXBGVDRiWGxiMVJIaExwcDh3dG02TTVUZ1N3PT0iLCJkZXYiOnRydWUsImxpY2Vuc2UiOiJBcGFjaGUtMi4wIiwiYmluIjp7InRzYyI6ImJpbi90c2MiLCJ0c3NlcnZlciI6ImJpbi90c3NlcnZlciJ9LCJlbmdpbmVzIjp7Im5vZGUiOiI+PTE0LjE3In19LCJub2RlX21vZHVsZXMvdW5kaWNpLXR5cGVzIjp7InZlcnNpb24iOiI2LjIxLjAiLCJyZXNvbHZlZCI6Imh0dHBzOi8vcmVnaXN0cnkubnBtanMub3JnL3VuZGljaS10eXBlcy8tL3VuZGljaS10eXBlcy02LjIxLjAudGd6IiwiaW50ZWdyaXR5Ijoic2hhNTEyLWl3RFpxZzBRQUdyZzlSYXY1SDRuME02NGMzbWtSNTljSjZ3UXArN0M0bkkwZ3NtRXhhZWRhWUxOTzQ0ZVQ0QXRCQndqYlRpR1BNbHQyTWQwVDlIOUpRPT0iLCJkZXYiOnRydWUsImxpY2Vuc2UiOiJNSVQifSwibm9kZV9tb2R1bGVzL3doaWNoIjp7InZlcnNpb24iOiIyLjAuMiIsInJlc29sdmVkIjoiaHR0cHM6Ly9yZWdpc3RyeS5ucG1qcy5vcmcvd2hpY2gvLS93aGljaC0yLjAuMi50Z3oiLCJpbnRlZ3JpdHkiOiJzaGE1MTItQkxJM1RsMVRXM1B2bDcwbDN5cTNZNjRpK2F3cHdYcXNHQllXa2txTXRuYlhnck1EK3lqN3JoVzBrdUVEeHpKYVlYR2pFVzVvZ2FwS05NRUtOTWppYkE9PSIsImxpY2Vuc2UiOiJJU0MiLCJkZXBlbmRlbmNpZXMiOnsiaXNleGUiOiJeMi4wLjAifSwiYmluIjp7Im5vZGUtd2hpY2giOiJiaW4vbm9kZS13aGljaCJ9LCJlbmdpbmVzIjp7Im5vZGUiOiI+PSA4In19LCJub2RlX21vZHVsZXMvd3JhcC1hbnNpIjp7InZlcnNpb24iOiI4LjEuMCIsInJlc29sdmVkIjoiaHR0cHM6Ly9yZWdpc3RyeS5ucG1qcy5vcmcvd3JhcC1hbnNpLy0vd3JhcC1hbnNpLTguMS4wLnRneiIsImludGVncml0eSI6InNoYTUxMi1zaTdRV0k2elVNcTU2YkVTRnZhZ3Rtek1kR090b3hmUitTZXoxMU1vYmZjN3RtK1ZrVWNrazliVzJVZWZmVEdWVWJPa3N4bVN3MEFBMmdzOGc3MU5DUT09IiwibGljZW5zZSI6Ik1JVCIsImRlcGVuZGVuY2llcyI6eyJhbnNpLXN0eWxlcyI6Il42LjEuMCIsInN0cmluZy13aWR0aCI6Il41LjAuMSIsInN0cmlwLWFuc2kiOiJeNy4wLjEifSwiZW5naW5lcyI6eyJub2RlIjoiPj0xMiJ9LCJmdW5kaW5nIjp7InVybCI6Imh0dHBzOi8vZ2l0aHViLmNvbS9jaGFsay93cmFwLWFuc2k/c3BvbnNvcj0xIn19LCJub2RlX21vZHVsZXMvd3JhcC1hbnNpLWNqcyI6eyJuYW1lIjoid3JhcC1hbnNpIiwidmVyc2lvbiI6IjcuMC4wIiwicmVzb2x2ZWQiOiJodHRwczovL3JlZ2lzdHJ5Lm5wbWpzLm9yZy93cmFwLWFuc2kvLS93cmFwLWFuc2ktNy4wLjAudGd6IiwiaW50ZWdyaXR5Ijoic2hhNTEyLVlWR0lqMmthbUxTVHh3Nk5zWmpvQnhmU3dzbjB5Y2Rlc21jNHArUTIxYzV6UHVaMXBsK05meFZkeFB0ZEh2bU5WT1E2WFNZRzRBVXR5dC9GaTdEMTZRPT0iLCJsaWNlbnNlIjoiTUlUIiwiZGVwZW5kZW5jaWVzIjp7ImFuc2ktc3R5bGVzIjoiXjQuMC4wIiwic3RyaW5nLXdpZHRoIjoiXjQuMS4wIiwic3RyaXAtYW5zaSI6Il42LjAuMCJ9LCJlbmdpbmVzIjp7Im5vZGUiOiI+PTEwIn0sImZ1bmRpbmciOnsidXJsIjoiaHR0cHM6Ly9naXRodWIuY29tL2NoYWxrL3dyYXAtYW5zaQ==P3Nwb25zb3I9MSJ9fSwibm9kZV9tb2R1bGVzL3dyYXAtYW5zaS1janMvbm9kZV9tb2R1bGVzL2Fuc2ktcmVnZXgiOnsidmVyc2lvbiI6IjUuMC4xIiwicmVzb2x2ZWQiOiJodHRwczovL3JlZ2lzdHJ5Lm5wbWpzLm9yZy9hbnNpLXJlZ2V4Ly0vYW5zaS1yZWdleC01LjAuMS50Z3oiLCJpbnRlZ3JpdHkiOiJzaGE1MTItcXVKUVhsVFNVR0wyTEg5U1VYbzhWd3NZNHNvYW5oZ282TE5TbTg0RTFMQmNFOHMzTzB3cGRpUnp5Ujl6L1paSk1sTVd2MzdxT09iOXBkSmxNVUVLRlE9PSIsImxpY2Vuc2UiOiJNSVQiLCJlbmdpbmVzIjp7Im5vZGUiOiI+PTgifX0sIm5vZGVfbW9kdWxlcy93cmFwLWFuc2ktY2pzL25vZGVfbW9kdWxlcy9hbnNpLXN0eWxlcyI6eyJ2ZXJzaW9uIjoiNC4zLjAiLCJyZXNvbHZlZCI6Imh0dHBzOi8vcmVnaXN0cnkubnBtanMub3JnL2Fuc2ktc3R5bGVzLy0vYW5zaS1zdHlsZXMtNC4zLjAudGd6IiwiaW50ZWdyaXR5Ijoic2hhNTEyLXpiQjlyQ0pBVDFyYmppVkRiMmhxS0ZITllMeGd0azhOVVJ4WjNJWndEM0Y2TnR4YlhaUUNublNpMUxreCtJRG9oZFBsRnAyMjJ3VkFMSWhlWkpRU0VnPT0iLCJsaWNlbnNlIjoiTUlUIiwiZGVwZW5kZW5jaWVzIjp7ImNvbG9yLWNvbnZlcnQiOiJeMi4wLjEifSwiZW5naW5lcyI6eyJub2RlIjoiPj04In0sImZ1bmRpbmciOnsidXJsIjoiaHR0cHM6Ly9naXRodWIuY29tL2NoYWxrL2Fuc2ktc3R5bGVzP3Nwb25zb3I9MSJ9fSwibm9kZV9tb2R1bGVzL3dyYXAtYW5zaS1janMvbm9kZV9tb2R1bGVzL2Vtb2ppLXJlZ2V4Ijp7InZlcnNpb24iOiI4LjAuMCIsInJlc29sdmVkIjoiaHR0cHM6Ly9yZWdpc3RyeS5ucG1qcy5vcmcvZW1vamktcmVnZXgvLS9lbW9qaS1yZWdleC04LjAuMC50Z3oiLCJpbnRlZ3JpdHkiOiJzaGE1MTItTVNqWXpjV05PQTBld0FIcHowTXhwWUZ2d2c2eWp5MU5HM3h0ZW9xejY0NFZDby9SUGducjEvR0d0K2ljM2lKVHpROEV1M1RkTTE0U2F3blZVbUdFNkE9PSIsImxpY2Vuc2UiOiJNSVQifSwibm9kZV9tb2R1bGVzL3dyYXAtYW5zaS1janMvbm9kZV9tb2R1bGVzL3N0cmluZy13aWR0aCI6eyJ2ZXJzaW9uIjoiNC4yLjMiLCJyZXNvbHZlZCI6Imh0dHBzOi8vcmVnaXN0cnkubnBtanMub3JnL3N0cmluZy13aWR0aC8tL3N0cmluZy13aWR0aC00LjIuMy50Z3oiLCJpbnRlZ3JpdHkiOiJzaGE1MTItd0t5UVJRcGpKMHNJcDYyRXJTWmRHc2pNSldzYXA1b1JOaWhIaHU2RzdKVk8vOWpJQjZVeWV2TCt0WHVPcXJuZzhqL2N4S1RXeVdVd3ZTVHJpaVp6L2c9PSIsImxpY2Vuc2UiOiJNSVQiLCJkZXBlbmRlbmNpZXMiOnsiZW1vamktcmVnZXgiOiJeOC4wLjAiLCJpcy1mdWxsd2lkdGgtY29kZS1wb2ludCI6Il4zLjAuMCIsInN0cmlwLWFuc2kiOiJeNi4wLjEifSwiZW5naW5lcyI6eyJub2RlIjoiPj04In19LCJub2RlX21vZHVsZXMvd3JhcC1hbnNpLWNqcy9ub2RlX21vZHVsZXMvc3RyaXAtYW5zaSI6eyJ2ZXJzaW9uIjoiNi4wLjEiLCJyZXNvbHZlZCI6Imh0dHBzOi8vcmVnaXN0cnkubnBtanMub3JnL3N0cmlwLWFuc2kvLS9zdHJpcC1hbnNpLTYuMC4xLnRneiIsImludGVncml0eSI6InNoYTUxMi1ZMzhWUFNIY3FrRnJDcEZuUTl2dVNYbXF1dXY1b1hPS3BHZVQ2YUdycjNvM0djOUFsVmE2SkJmVVNPQ25ieEdHWkYrLzBvb0k3S3JQdVVTenRVZFU1QT09IiwibGljZW5zZSI6Ik1JVCIsImRlcGVuZGVuY2llcyI6eyJhbnNpLXJlZ2V4IjoiXjUuMC4xIn0sImVuZ2luZXMiOnsibm9kZSI6Ij49OCJ9fX19